
Microsoft Visual Studio Solution File, Format Version 12.00
# Visual Studio Version 17
VisualStudioVersion = 17.14.36930.0 d17.14
MinimumVisualStudioVersion = 10.0.40219.1
Project("{FAE04EC0-301F-11D3-BF4B-00C04F79EFBC}") = "hada-p2", "hada-p2\hada-p2.csproj", "{F30218EE-57D3-4669-BA68-3A499D59EF81}"
EndProject
Global
	GlobalSection(SolutionConfigurationPlatforms) = preSolution
		Debug|Any CPU = Debug|Any CPU
		Release|Any CPU = Release|Any CPU
	EndGlobalSection
	GlobalSection(ProjectConfigurationPlatforms) = postSolution
		{F30218EE-57D3-4669-BA68-3A499D59EF81}.Debug|Any CPU.ActiveCfg = Debug|Any CPU
		{F30218EE-57D3-4669-BA68-3A499D59EF81}.Debug|Any CPU.Build.0 = Debug|Any CPU
		{F30218EE-57D3-4669-BA68-3A499D59EF81}.Release|Any CPU.ActiveCfg = Release|Any CPU
		{F30218EE-57D3-4669-BA68-3A499D59EF81}.Release|Any CPU.Build.0 = Release|Any CPU
	EndGlobalSection
	GlobalSection(SolutionProperties) = preSolution
		HideSolutionNode = FALSE
	EndGlobalSection
	GlobalSection(ExtensibilityGlobals) = postSolution
		SolutionGuid = {1312F5F7-E16C-4CAC-8BFD-6033A02BDA96}
	EndGlobalSection
EndGlobal
